{
    "name": "rehype-akikumi",
    "version": "0.0.1",
    "lockfileVersion": 2,
    "requires": true,
    "packages": {
        "": {
            "name": "rehype-akikumi",
            "version": "0.0.1",
            "dependencies": {
                "unist-util-flatmap": "^1.0.0"
            }
        },
        "node_modules/unist-util-flatmap": {
            "version": "1.0.0",
            "resolved": "https://registry.npmjs.org/unist-util-flatmap/-/unist-util-flatmap-1.0.0.tgz",
            "integrity": "sha512-IG32jcKJlhARCYT2LsYPJWdoXYkzz3ESAdl1aa2hn9Auh+cgUmU6wgkII4yCc/1GgeWibRdELdCZh/p3QKQ1dQ=="
        }
    },
    "dependencies": {
        "unist-util-flatmap": {
            "version": "1.0.0",
            "resolved": "https://registry.npmjs.org/unist-util-flatmap/-/unist-util-flatmap-1.0.0.tgz",
            "integrity": "sha512-IG32jcKJlhARCYT2LsYPJWdoXYkzz3ESAdl1aa2hn9Auh+cgUmU6wgkII4yCc/1GgeWibRdELdCZh/p3QKQ1dQ=="
        }
    }
}
